// !$*UTF8*$!
{
	archiveVersion = 1;
	classes = {
	};
	objectVersion = 77;
	objects = {

/* Begin PBXContainerItemProxy section */
		C3F6E2F22EE3A781003D3C1E /* PBXContainerItemProxy */ = {
			isa = PBXContainerItemProxy;
			containerPortal = C3F6E2D32EE3A780003D3C1E /* Project object */;
			proxyType = 1;
			remoteGlobalIDString = C3F6E2DA2EE3A780003D3C1E;
			remoteInfo = aiot_door;
		};
		C3F6E2FC2EE3A781003D3C1E /* PBXContainerItemProxy */ = {
			isa = PBXContainerItemProxy;
			containerPortal = C3F6E2D32EE3A780003D3C1E /* Project object */;
			proxyType = 1;
			remoteGlobalIDString = C3F6E2DA2EE3A780003D3C1E;
			remoteInfo = aiot_door;
		};
/* End PBXContainerItemProxy section */

/* Begin PBXFileReference section */
		C3F6E2DB2EE3A780003D3C1E /* aiot_door.app */ = {isa = PBXFileReference; explicitFileType = wrapper.application; includeInIndex = 0; path = aiot_door.app; sourceTree = BUILT_PRODUCTS_DIR; };
		C3F6E2F12EE3A781003D3C1E /* aiot_doorTests.xctest */ = {isa = PBXFileReference; explicitFileType = wrapper.cfbundle; includeInIndex = 0; path = aiot_doorTests.xctest; sourceTree = BUILT_PRODUCTS_DIR; };
		C3F6E2FB2EE3A781003D3C1E /* aiot_doorUITests.xctest */ = {isa = PBXFileReference; explicitFileType = wrapper.cfbundle; includeInIndex = 0; path = aiot_doorUITests.xctest; sourceTree = BUILT_PRODUCTS_DIR; };
/* End PBXFileReference section */

/* Begin PBXFileSystemSynchronizedBuildFileExceptionSet section */
		C3F6E3032EE3A781003D3C1E /* Exceptions for "aiot_door" folder in "aiot_door" target */ = {
			isa = PBXFileSystemSynchronizedBuildFileExceptionSet;
			membershipExceptions = (
				Info.plist,
			);
			target = C3F6E2DA2EE3A780003D3C1E /* aiot_door */;
		};
/* End PBXFileSystemSynchronizedBuildFileExceptionSet section */

/* Begin PBXFileSystemSynchronizedRootGroup section */
		C3F6E2DD2EE3A780003D3C1E /* aiot_door */ = {
			isa = PBXFileSystemSynchronizedRootGroup;
			exceptions = (
				C3F6E3032EE3A781003D3C1E /* Exceptions for "aiot_door" folder in "aiot_door" target */,
			);
			path = aiot_door;
			sourceTree = "<group>";
		};
		C3F6E2F42EE3A781003D3C1E /* aiot_doorTests */ = {
			isa = PBXFileSystemSynchronizedRootGroup;
			path = aiot_doorTests;
			sourceTree = "<group>";
		};
		C3F6E2FE2EE3A781003D3C1E /* aiot_doorUITests */ = {
			isa = PBXFileSystemSynchronizedRootGroup;
			path = aiot_doorUITests;
			sourceTree = "<group>";
		};
/* End PBXFileSystemSynchronizedRootGroup section */

/* Begin PBXFrameworksBuildPhase section */
		C3F6E2D82EE3A780003D3C1E /* Frameworks */ = {
			isa = PBXFrameworksBuildPhase;
			buildActionMask = 2147483647;
			files = (
			);
			runOnlyForDeploymentPostprocessing = 0;
		};
		C3F6E2EE2EE3A781003D3C1E /* Frameworks */ = {
			isa = PBXFrameworksBuildPhase;
			buildActionMask = 2147483647;
			files = (
			);
			runOnlyForDeploymentPostprocessing = 0;
		};
		C3F6E2F82EE3A781003D3C1E /* Frameworks */ = {
			isa = PBXFrameworksBuildPhase;
			buildActionMask = 2147483647;
			files = (
			);
			runOnlyForDeploymentPostprocessing = 0;
		};
/* End PBXFrameworksBuildPhase section */

/* Begin PBXGroup section */
		C3F6E2D22EE3A780003D3C1E = {
			isa = PBXGroup;
			children = (
				C3F6E2DD2EE3A780003D3C1E /* aiot_door */,
				C3F6E2F42EE3A781003D3C1E /* aiot_doorTests */,
				C3F6E2FE2EE3A781003D3C1E /* aiot_doorUITests */,
				C3F6E2DC2EE3A780003D3C1E /* Products */,
			);
			sourceTree = "<group>";
		};
		C3F6E2DC2EE3A780003D3C1E /* Products */ = {
			isa = PBXGroup;
			children = (
				C3F6E2DB2EE3A780003D3C1E /* aiot_door.app */,
				C3F6E2F12EE3A781003D3C1E /* aiot_doorTests.xctest */,
				C3F6E2FB2EE3A781003D3C1E /* aiot_doorUITests.xctest */,
			);
			name = Products;
			sourceTree = "<group>";
		};
/* End PBXGroup section */

/* Begin PBXNativeTarget section */
		C3F6E2DA2EE3A780003D3C1E /* aiot_door */ = {
			isa = PBXNativeTarget;
			buildConfigurationList = C3F6E3042EE3A781003D3C1E /* Build configuration list for PBXNativeTarget "aiot_door" */;
			buildPhases = (
				C3F6E2D72EE3A780003D3C1E /* Sources */,
				C3F6E2D82EE3A780003D3C1E /* Frameworks */,
				C3F6E2D92EE3A780003D3C1E /* Resources */,
			);
			buildRules = (
			);
			dependencies = (
			);
			fileSystemSynchronizedGroups = (
				C3F6E2DD2EE3A780003D3C1E /* aiot_door */,
			);
			name = aiot_door;
			packageProductDependencies = (
			);
			productName = aiot_door;
			productReference = C3F6E2DB2EE3A780003D3C1E /* aiot_door.app */;
			productType = "com.apple.product-type.application";
		};
		C3F6E2F02EE3A781003D3C1E /* aiot_doorTests */ = {
			isa = PBXNativeTarget;
			buildConfigurationList = C3F6E3092EE3A781003D3C1E /* Build configuration list for PBXNativeTarget "aiot_doorTests" */;
			buildPhases = (
				C3F6E2ED2EE3A781003D3C1E /* Sources */,
				C3F6E2EE2EE3A781003D3C1E /* Frameworks */,
				C3F6E2EF2EE3A781003D3C1E /* Resources */,
			);
			buildRules = (
			);
			dependencies = (
				C3F6E2F32EE3A781003D3C1E /* PBXTargetDependency */,
			);
			fileSystemSynchronizedGroups = (
				C3F6E2F42EE3A781003D3C1E /* aiot_doorTests */,
			);
			name = aiot_doorTests;
			packageProductDependencies = (
			);
			productName = aiot_doorTests;
			productReference = C3F6E2F12EE3A781003D3C1E /* aiot_doorTests.xctest */;
			productType = "com.apple.product-type.bundle.unit-test";
		};
		C3F6E2FA2EE3A781003D3C1E /* aiot_doorUITests */ = {
			isa = PBXNativeTarget;
			buildConfigurationList = C3F6E30C2EE3A781003D3C1E /* Build configuration list for PBXNativeTarget "aiot_doorUITests" */;
			buildPhases = (
				C3F6E2F72EE3A781003D3C1E /* Sources */,
				C3F6E2F82EE3A781003D3C1E /* Frameworks */,
				C3F6E2F92EE3A781003D3C1E /* Resources */,
			);
			buildRules = (
			);
			dependencies = (
				C3F6E2FD2EE3A781003D3C1E /* PBXTargetDependency */,
			);
			fileSystemSynchronizedGroups = (
				C3F6E2FE2EE3A781003D3C1E /* aiot_doorUITests */,
			);
			name = aiot_doorUITests;
			packageProductDependencies = (
			);
			productName = aiot_doorUITests;
			productReference = C3F6E2FB2EE3A781003D3C1E /* aiot_doorUITests.xctest */;
			productType = "com.apple.product-type.bundle.ui-testing";
		};
/* End PBXNativeTarget section */

/* Begin PBXProject section */
		C3F6E2D32EE3A780003D3C1E /* Project object */ = {
			isa = PBXProject;
			attributes = {
				BuildIndependentTargetsInParallel = 1;
				LastSwiftUpdateCheck = 1640;
				LastUpgradeCheck = 1640;
				TargetAttributes = {
					C3F6E2DA2EE3A780003D3C1E = {
						CreatedOnToolsVersion = 16.4;
					};
					C3F6E2F02EE3A781003D3C1E = {
						CreatedOnToolsVersion = 16.4;
						TestTargetID = C3F6E2DA2EE3A780003D3C1E;
					};
					C3F6E2FA2EE3A781003D3C1E = {
						CreatedOnToolsVersion = 16.4;
						TestTargetID = C3F6E2DA2EE3A780003D3C1E;
					};
				};
			};
			buildConfigurationList = C3F6E2D62EE3A780003D3C1E /* Build configuration list for PBXProject "aiot_door" */;
			developmentRegion = en;
			hasScannedForEncodings = 0;
			knownRegions = (
				en,
				Base,
			);
			mainGroup = C3F6E2D22EE3A780003D3C1E;
			minimizedProjectReferenceProxies = 1;
			preferredProjectObjectVersion = 77;
			productRefGroup = C3F6E2DC2EE3A780003D3C1E /* Products */;
			projectDirPath = "";
			projectRoot = "";
			targets = (
				C3F6E2DA2EE3A780003D3C1E /* aiot_door */,
				C3F6E2F02EE3A781003D3C1E /* aiot_doorTests */,
				C3F6E2FA2EE3A781003D3C1E /* aiot_doorUITests */,
			);
		};
/* End PBXProject section */

/* Begin PBXResourcesBuildPhase section */
		C3F6E2D92EE3A780003D3C1E /* Resources */ = {
			isa = PBXResourcesBuildPhase;
			buildActionMask = 2147483647;
			files = (
			);
			runOnlyForDeploymentPostprocessing = 0;
		};
		C3F6E2EF2EE3A781003D3C1E /* Resources */ = {
			isa = PBXResourcesBuildPhase;
			buildActionMask = 2147483647;
			files = (
			);
			runOnlyForDeploymentPostprocessing = 0;
		};
		C3F6E2F92EE3A781003D3C1E /* Resources */ = {
			isa = PBXResourcesBuildPhase;
			buildActionMask = 2147483647;
			files = (
			);
			runOnlyForDeploymentPostprocessing = 0;
		};
/* End PBXResourcesBuildPhase section */

/* Begin PBXSourcesBuildPhase section */
		C3F6E2D72EE3A780003D3C1E /* Sources */ = {
			isa = PBXSourcesBuildPhase;
			buildActionMask = 2147483647;
			files = (
			);
			runOnlyForDeploymentPostprocessing = 0;
		};
		C3F6E2ED2EE3A781003D3C1E /* Sources */ = {
			isa = PBXSourcesBuildPhase;
			buildActionMask = 2147483647;
			files = (
			);
			runOnlyForDeploymentPostprocessing = 0;
		};
		C3F6E2F72EE3A781003D3C1E /* Sources */ = {
			isa = PBXSourcesBuildPhase;
			buildActionMask = 2147483647;
			files = (
			);
			runOnlyForDeploymentPostprocessing = 0;
		};
/* End PBXSourcesBuildPhase section */

/* Begin PBXTargetDependency section */
		C3F6E2F32EE3A781003D3C1E /* PBXTargetDependency */ = {
			isa = PBXTargetDependency;
			target = C3F6E2DA2EE3A780003D3C1E /* aiot_door */;
			targetProxy = C3F6E2F22EE3A781003D3C1E /* PBXContainerItemProxy */;
		};
		C3F6E2FD2EE3A781003D3C1E /* PBXTargetDependency */ = {
			isa = PBXTargetDependency;
			target = C3F6E2DA2EE3A780003D3C1E /* aiot_door */;
			targetProxy = C3F6E2FC2EE3A781003D3C1E /* PBXContainerItemProxy */;
		};
/* End PBXTargetDependency section */

/* Begin XCBuildConfiguration section */
		C3F6E3052EE3A781003D3C1E /* Debug */ = {
			isa = XCBuildConfiguration;
			buildSettings = {
				ASSETCATALOG_COMPILER_APPICON_NAME = AppIcon;
				ASSETCATALOG_COMPILER_GLOBAL_ACCENT_COLOR_NAME = AccentColor;
				CODE_SIGN_STYLE = Automatic;
				CURRENT_PROJECT_VERSION = 1;
				DEVELOPMENT_TEAM = 45C33YD56U;
				GENERATE_INFOPLIST_FILE = YES;
				INFOPLIST_FILE = aiot_door/Info.plist;
				INFOPLIST_KEY_UIApplicationSupportsIndirectInputEvents = YES;
				INFOPLIST_KEY_UILaunchStoryboardName = LaunchScreen;
				INFOPLIST_KEY_UIMainStoryboardFile = Main;
				INFOPLIST_KEY_UISupportedInterfaceOrientations_iPad = "UIInterfaceOrientationPortrait UIInterfaceOrientationPortraitUpsideDown UIInterfaceOrientationLandscapeLeft UIInterfaceOrientationLandscapeRight";
				INFOPLIST_KEY_UISupportedInterfaceOrientations_iPhone = "UIInterfaceOrientationPortrait UIInterfaceOrientationLandscapeLeft UIInterfaceOrientationLandscapeRight";
				LD_RUNPATH_SEARCH_PATHS = (
					"$(inherited)",
					"@executable_path/Frameworks",
				);
				MARKETING_VERSION = 1.0;
				PRODUCT_BUNDLE_IDENTIFIER = "com.lyk.aiot-door";
				PRODUCT_NAME = "$(TARGET_NAME)";
				SWIFT_EMIT_LOC_STRINGS = YES;
				SWIFT_VERSION = 5.0;
				TARGETED_DEVICE_FAMILY = "1,2";
			};
			name = Debug;
		};
		C3F6E3062EE3A781003D3C1E /* Release */ = {
			isa = XCBuildConfiguration;
			buildSettings = {
				ASSETCATALOG_COMPILER_APPICON_NAME = AppIcon;
				ASSETCATALOG_COMPILER_GLOBAL_ACCENT_COLOR_NAME = AccentColor;
				CODE_SIGN_STYLE = Automatic;
				CURRENT_PROJECT_VERSION = 1;
				DEVELOPMENT_TEAM = 45C33YD56U;
				GENERATE_INFOPLIST_FILE = YES;
				INFOPLIST_FILE = aiot_door/Info.plist;
				INFOPLIST_KEY_UIApplicationSupportsIndirectInputEvents = YES;
				INFOPLIST_KEY_UILaunchStoryboardName = LaunchScreen;
				INFOPLIST_KEY_UIMainStoryboardFile = Main;
				INFOPLIST_KEY_UISupportedInterfaceOrientations_iPad = "UIInterfaceOrientationPortrait UIInterfaceOrientationPortraitUpsideDown UIInterfaceOrientationLandscapeLeft UIInterfaceOrientationLandscapeRight";
				INFOPLIST_KEY_UISupportedInterfaceOrientations_iPhone = "UIInterfaceOrientationPortrait UIInterfaceOrientationLandscapeLeft UIInterfaceOrientationLandscapeRight";
				LD_RUNPATH_SEARCH_PATHS = (
					"$(inherited)",
					"@executable_path/Frameworks",
				);
				MARKETING_VERSION = 1.0;
				PRODUCT_BUNDLE_IDENTIFIER = "com.lyk.aiot-door";
				PRODUCT_NAME = "$(TARGET_NAME)";
				SWIFT_EMIT_LOC_STRINGS = YES;
				SWIFT_VERSION = 5.0;
				TARGETED_DEVICE_FAMILY = "1,2";
			};
			name = Release;
		};
		C3F6E3072EE3A781003D3C1E /* Debug */ = {
			isa = XCBuildConfiguration;
			buildSettings = {
				ALWAYS_SEARCH_USER_PATHS = NO;
				ASSETCATALOG_COMPILER_GENERATE_SWIFT_ASSET_SYMBOL_EXTENSIONS = YES;
				CLANG_ANALYZER_NONNULL = YES;
				CLANG_ANALYZER_NUMBER_OBJECT_CONVERSION = YES_AGGRESSIVE;
				CLANG_CXX_LANGUAGE_STANDARD = "gnu++20";
				CLANG_ENABLE_MODULES = YES;
				CLANG_ENABLE_OBJC_ARC = YES;
				CLANG_ENABLE_OBJC_WEAK = YES;
				CLANG_WARN_BLOCK_CAPTURE_AUTORELEASING = YES;
				CLANG_WARN_BOOL_CONVERSION = YES;
				CLANG_WARN_COMMA = YES;
				CLANG_WARN_CONSTANT_CONVERSION = YES;
				CLANG_WARN_DEPRECATED_OBJC_IMPLEMENTATIONS = YES;
				CLANG_WARN_DIRECT_OBJC_ISA_USAGE = YES_ERROR;
				CLANG_WARN_DOCUMENTATION_COMMENTS = YES;
				CLANG_WARN_EMPTY_BODY = YES;
				CLANG_WARN_ENUM_CONVERSION = YES;
				CLANG_WARN_INFINITE_RECURSION = YES;
				CLANG_WARN_INT_CONVERSION = YES;
				CLANG_WARN_NON_LITERAL_NULL_CONVERSION = YES;
				CLANG_WARN_OBJC_IMPLICIT_RETAIN_SELF = YES;
				CLANG_WARN_OBJC_LITERAL_CONVERSION = YES;
				CLANG_WARN_OBJC_ROOT_CLASS = YES_ERROR;
				CLANG_WARN_QUOTED_INCLUDE_IN_FRAMEWORK_HEADER = YES;
				CLANG_WARN_RANGE_LOOP_ANALYSIS = YES;
				CLANG_WARN_STRICT_PROTOTYPES = YES;
				CLANG_WARN_SUSPICIOUS_MOVE = YES;
				CLANG_WARN_UNGUARDED_AVAILABILITY = YES_AGGRESSIVE;
				CLANG_WARN_UNREACHABLE_CODE = YES;
				CLANG_WARN__DUPLICATE_METHOD_MATCH = YES;
				COPY_PHASE_STRIP = NO;
				DEBUG_INFORMATION_FORMAT = dwarf;
				DEVELOPMENT_TEAM = 45C33YD56U;
				ENABLE_STRICT_OBJC_MSGSEND = YES;
				ENABLE_TESTABILITY = YES;
				ENABLE_USER_SCRIPT_SANDBOXING = YES;
				GCC_C_LANGUAGE_STANDARD = gnu17;
				GCC_DYNAMIC_NO_PIC = NO;
				GCC_NO_COMMON_BLOCKS = YES;
				GCC_OPTIMIZATION_LEVEL = 0;
				GCC_PREPROCESSOR_DEFINITIONS = (
					"DEBUG=1",
					"$(inherited)",
				);
				GCC_WARN_64_TO_32_BIT_CONVERSION = YES;
				GCC_WARN_ABOUT_RETURN_TYPE = YES_ERROR;
				GCC_WARN_UNDECLARED_SELECTOR = YES;
				GCC_WARN_UNINITIALIZED_AUTOS = YES_AGGRESSIVE;
				GCC_WARN_UNUSED_FUNCTION = YES;
				GCC_WARN_UNUSED_VARIABLE = YES;
				IPHONEOS_DEPLOYMENT_TARGET = 18.5;
				LOCALIZATION_PREFERS_STRING_CATALOGS = YES;
				MTL_ENABLE_DEBUG_INFO = INCLUDE_SOURCE;
				MTL_FAST_MATH = YES;
				ONLY_ACTIVE_ARCH = YES;
				SDKROOT = iphoneos;
				SWIFT_ACTIVE_COMPILATION_CONDITIONS = "DEBUG $(inherited)";
				SWIFT_OPTIMIZATION_LEVEL = "-Onone";
			};
			name = Debug;
		};
		C3F6E3082EE3A781003D3C1E /* Release */ = {
			isa = XCBuildConfiguration;
			buildSettings = {
				ALWAYS_SEARCH_USER_PATHS = NO;
				ASSETCATALOG_COMPILER_GENERATE_SWIFT_ASSET_SYMBOL_EXTENSIONS = YES;
				CLANG_ANALYZER_NONNULL = YES;
				CLANG_ANALYZER_NUMBER_OBJECT_CONVERSION = YES_AGGRESSIVE;
				CLANG_CXX_LANGUAGE_STANDARD = "gnu++20";
				CLANG_ENABLE_MODULES = YES;
				CLANG_ENABLE_OBJC_ARC = YES;
				CLANG_ENABLE_OBJC_WEAK = YES;
				CLANG_WARN_BLOCK_CAPTURE_AUTORELEASING = YES;
				CLANG_WARN_BOOL_CONVERSION = YES;
				CLANG_WARN_COMMA = YES;
				CLANG_WARN_CONSTANT_CONVERSION = YES;
				CLANG_WARN_DEPRECATED_OBJC_IMPLEMENTATIONS = YES;
				CLANG_WARN_DIRECT_OBJC_ISA_USAGE = YES_ERROR;
				CLANG_WARN_DOCUMENTATION_COMMENTS = YES;
				CLANG_WARN_EMPTY_BODY = YES;
				CLANG_WARN_ENUM_CONVERSION = YES;
				CLANG_WARN_INFINITE_RECURSION = YES;
				CLANG_WARN_INT_CONVERSION = YES;
				CLANG_WARN_NON_LITERAL_NULL_CONVERSION = YES;
				CLANG_WARN_OBJC_IMPLICIT_RETAIN_SELF = YES;
				CLANG_WARN_OBJC_LITERAL_CONVERSION = YES;
				CLANG_WARN_OBJC_ROOT_CLASS = YES_ERROR;
				CLANG_WARN_QUOTED_INCLUDE_IN_FRAMEWORK_HEADER = YES;
				CLANG_WARN_RANGE_LOOP_ANALYSIS = YES;
				CLANG_WARN_STRICT_PROTOTYPES = YES;
				CLANG_WARN_SUSPICIOUS_MOVE = YES;
				CLANG_WARN_UNGUARDED_AVAILABILITY = YES_AGGRESSIVE;
				CLANG_WARN_UNREACHABLE_CODE = YES;
				CLANG_WARN__DUPLICATE_METHOD_MATCH = YES;
				COPY_PHASE_STRIP = NO;
				DEBUG_INFORMATION_FORMAT = "dwarf-with-dsym";
				DEVELOPMENT_TEAM = 45C33YD56U;
				ENABLE_NS_ASSERTIONS = NO;
				ENABLE_STRICT_OBJC_MSGSEND = YES;
				ENABLE_USER_SCRIPT_SANDBOXING = YES;
				GCC_C_LANGUAGE_STANDARD = gnu17;
				GCC_NO_COMMON_BLOCKS = YES;
				GCC_WARN_64_TO_32_BIT_CONVERSION = YES;
				GCC_WARN_ABOUT_RETURN_TYPE = YES_ERROR;
				GCC_WARN_UNDECLARED_SELECTOR = YES;
				GCC_WARN_UNINITIALIZED_AUTOS = YES_AGGRESSIVE;
				GCC_WARN_UNUSED_FUNCTION = YES;
				GCC_WARN_UNUSED_VARIABLE = YES;
				IPHONEOS_DEPLOYMENT_TARGET = 18.5;
				LOCALIZATION_PREFERS_STRING_CATALOGS = YES;
				MTL_ENABLE_DEBUG_INFO = NO;
				MTL_FAST_MATH = YES;
				SDKROOT = iphoneos;
				SWIFT_COMPILATION_MODE = wholemodule;
				VALIDATE_PRODUCT = YES;
			};
			name = Release;
		};
		C3F6E30A2EE3A781003D3C1E /* Debug */ = {
			isa = XCBuildConfiguration;
			buildSettings = {
				BUNDLE_LOADER = "$(TEST_HOST)";
				CODE_SIGN_STYLE = Automatic;
				CURRENT_PROJECT_VERSION = 1;
				DEVELOPMENT_TEAM = 45C33YD56U;
				GENERATE_INFOPLIST_FILE = YES;
				IPHONEOS_DEPLOYMENT_TARGET = 18.5;
				MARKETING_VERSION = 1.0;
				PRODUCT_BUNDLE_IDENTIFIER = "com.lyk.aiot-doorTests";
				PRODUCT_NAME = "$(TARGET_NAME)";
				SWIFT_EMIT_LOC_STRINGS = NO;
				SWIFT_VERSION = 5.0;
				TARGETED_DEVICE_FAMILY = "1,2";
				TEST_HOST = "$(BUILT_PRODUCTS_DIR)/aiot_door.app/$(BUNDLE_EXECUTABLE_FOLDER_PATH)/aiot_door";
			};
			name = Debug;
		};
		C3F6E30B2EE3A781003D3C1E /* Release */ = {
			isa = XCBuildConfiguration;
			buildSettings = {
				BUNDLE_LOADER = "$(TEST_HOST)";
				CODE_SIGN_STYLE = Automatic;
				CURRENT_PROJECT_VERSION = 1;
				DEVELOPMENT_TEAM = 45C33YD56U;
				GENERATE_INFOPLIST_FILE = YES;
				IPHONEOS_DEPLOYMENT_TARGET = 18.5;
				MARKETING_VERSION = 1.0;
				PRODUCT_BUNDLE_IDENTIFIER = "com.lyk.aiot-doorTests";
				PRODUCT_NAME = "$(TARGET_NAME)";
				SWIFT_EMIT_LOC_STRINGS = NO;
				SWIFT_VERSION = 5.0;
				TARGETED_DEVICE_FAMILY = "1,2";
				TEST_HOST = "$(BUILT_PRODUCTS_DIR)/aiot_door.app/$(BUNDLE_EXECUTABLE_FOLDER_PATH)/aiot_door";
			};
			name = Release;
		};
		C3F6E30D2EE3A781003D3C1E /* Debug */ = {
			isa = XCBuildConfiguration;
			buildSettings = {
				CODE_SIGN_STYLE = Automatic;
				CURRENT_PROJECT_VERSION = 1;
				DEVELOPMENT_TEAM = 45C33YD56U;
				GENERATE_INFOPLIST_FILE = YES;
				MARKETING_VERSION = 1.0;
				PRODUCT_BUNDLE_IDENTIFIER = "com.lyk.aiot-doorUITests";
				PRODUCT_NAME = "$(TARGET_NAME)";
				SWIFT_EMIT_LOC_STRINGS = NO;
				SWIFT_VERSION = 5.0;
				TARGETED_DEVICE_FAMILY = "1,2";
				TEST_TARGET_NAME = aiot_door;
			};
			name = Debug;
		};
		C3F6E30E2EE3A781003D3C1E /* Release */ = {
			isa = XCBuildConfiguration;
			buildSettings = {
				CODE_SIGN_STYLE = Automatic;
				CURRENT_PROJECT_VERSION = 1;
				DEVELOPMENT_TEAM = 45C33YD56U;
				GENERATE_INFOPLIST_FILE = YES;
				MARKETING_VERSION = 1.0;
				PRODUCT_BUNDLE_IDENTIFIER = "com.lyk.aiot-doorUITests";
				PRODUCT_NAME = "$(TARGET_NAME)";
				SWIFT_EMIT_LOC_STRINGS = NO;
				SWIFT_VERSION = 5.0;
				TARGETED_DEVICE_FAMILY = "1,2";
				TEST_TARGET_NAME = aiot_door;
			};
			name = Release;
		};
/* End XCBuildConfiguration section */

/* Begin XCConfigurationList section */
		C3F6E2D62EE3A780003D3C1E /* Build configuration list for PBXProject "aiot_door" */ = {
			isa = XCConfigurationList;
			buildConfigurations = (
				C3F6E3072EE3A781003D3C1E /* Debug */,
				C3F6E3082EE3A781003D3C1E /* Release */,
			);
			defaultConfigurationIsVisible = 0;
			defaultConfigurationName = Release;
		};
		C3F6E3042EE3A781003D3C1E /* Build configuration list for PBXNativeTarget "aiot_door" */ = {
			isa = XCConfigurationList;
			buildConfigurations = (
				C3F6E3052EE3A781003D3C1E /* Debug */,
				C3F6E3062EE3A781003D3C1E /* Release */,
			);
			defaultConfigurationIsVisible = 0;
			defaultConfigurationName = Release;
		};
		C3F6E3092EE3A781003D3C1E /* Build configuration list for PBXNativeTarget "aiot_doorTests" */ = {
			isa = XCConfigurationList;
			buildConfigurations = (
				C3F6E30A2EE3A781003D3C1E /* Debug */,
				C3F6E30B2EE3A781003D3C1E /* Release */,
			);
			defaultConfigurationIsVisible = 0;
			defaultConfigurationName = Release;
		};
		C3F6E30C2EE3A781003D3C1E /* Build configuration list for PBXNativeTarget "aiot_doorUITests" */ = {
			isa = XCConfigurationList;
			buildConfigurations = (
				C3F6E30D2EE3A781003D3C1E /* Debug */,
				C3F6E30E2EE3A781003D3C1E /* Release */,
			);
			defaultConfigurationIsVisible = 0;
			defaultConfigurationName = Release;
		};
/* End XCConfigurationList section */
	};
	rootObject = C3F6E2D32EE3A780003D3C1E /* Project object */;
}
